
Microsoft Visual Studio Solution File, Format Version 12.00
# Visual Studio Version 17
VisualStudioVersion = 17.8.34525.116
MinimumVisualStudioVersion = 10.0.40219.1
Project("{FAE04EC0-301F-11D3-BF4B-00C04F79EFBC}") = "WebApplication", "WebApplication\WebApplication.csproj", "{ADECADF0-1516-4D74-8635-6F424189F066}"
EndProject
Global
	GlobalSection(SolutionConfigurationPlatforms) = preSolution
		Debug|Any CPU = Debug|Any CPU
		Release|Any CPU = Release|Any CPU
	EndGlobalSection
	GlobalSection(ProjectConfigurationPlatforms) = postSolution
		{ADECADF0-1516-4D74-8635-6F424189F066}.Debug|Any CPU.ActiveCfg = Debug|Any CPU
		{ADECADF0-1516-4D74-8635-6F424189F066}.Debug|Any CPU.Build.0 = Debug|Any CPU
		{ADECADF0-1516-4D74-8635-6F424189F066}.Release|Any CPU.ActiveCfg = Release|Any CPU
		{ADECADF0-1516-4D74-8635-6F424189F066}.Release|Any CPU.Build.0 = Release|Any CPU
	EndGlobalSection
	GlobalSection(SolutionProperties) = preSolution
		HideSolutionNode = FALSE
	EndGlobalSection
	GlobalSection(ExtensibilityGlobals) = postSolution
		SolutionGuid = {E84BF109-E554-4471-810E-5941DCF20631}
	EndGlobalSection
EndGlobal
